
Microsoft Visual Studio Solution File, Format Version 12.00
# Visual Studio Version 17
VisualStudioVersion = 17.7.34024.191
MinimumVisualStudioVersion = 10.0.40219.1
Project("{FAE04EC0-301F-11D3-BF4B-00C04F79EFBC}") = "Trotamundos", "Trotamundos\Trotamundos.csproj", "{F71FD28E-BAE0-4232-8507-6CF370FA1C07}"
EndProject
Global
	GlobalSection(SolutionConfigurationPlatforms) = preSolution
		Debug|Any CPU = Debug|Any CPU
		Release|Any CPU = Release|Any CPU
	EndGlobalSection
	GlobalSection(ProjectConfigurationPlatforms) = postSolution
		{F71FD28E-BAE0-4232-8507-6CF370FA1C07}.Debug|Any CPU.ActiveCfg = Debug|Any CPU
		{F71FD28E-BAE0-4232-8507-6CF370FA1C07}.Debug|Any CPU.Build.0 = Debug|Any CPU
		{F71FD28E-BAE0-4232-8507-6CF370FA1C07}.Release|Any CPU.ActiveCfg = Release|Any CPU
		{F71FD28E-BAE0-4232-8507-6CF370FA1C07}.Release|Any CPU.Build.0 = Release|Any CPU
	EndGlobalSection
	GlobalSection(SolutionProperties) = preSolution
		HideSolutionNode = FALSE
	EndGlobalSection
	GlobalSection(ExtensibilityGlobals) = postSolution
		SolutionGuid = {1BA894F4-C054-4F70-835F-0F3D58648DDD}
	EndGlobalSection
EndGlobal
